
Microsoft Visual Studio Solution File, Format Version 12.00
# Visual Studio 2012
# SharpDevelop 5.2
VisualStudioVersion = 12.0.40629.0
MinimumVisualStudioVersion = 10.0.40219.1
Project("{FAE04EC0-301F-11D3-BF4B-00C04F79EFBC}") = "PokemonGo.RocketAPI", "PokemonGo.RocketAPI\PokemonGo.RocketAPI.csproj", "{05D2DA44-1B8E-4CF7-94ED-4D52451CD095}"
EndProject
Project("{FAE04EC0-301F-11D3-BF4B-00C04F79EFBC}") = "PokemonGo.RocketAPI.Logic", "PokemonGo.RocketAPI.Logic\PokemonGo.RocketAPI.Logic.csproj", "{0739E40D-C589-4AEB-93E5-EE8CD6773C60}"
EndProject
Project("{FAE04EC0-301F-11D3-BF4B-00C04F79EFBC}") = "PokemonGo.RocketAPI.Console", "PokemonGo.RocketAPI.Console\PokemonGo.RocketAPI.Console.csproj", "{1FEA147E-F704-497B-A538-00B053B5F672}"
EndProject
Project("{2150E333-8FDC-42A3-9474-1A3956D46DE8}") = ".nuget", ".nuget", "{0D637212-D12E-428E-9C8D-E8D082D059F3}"
	ProjectSection(SolutionItems) = preProject
		.nuget\NuGet.Config = .nuget\NuGet.Config
		.nuget\NuGet.exe = .nuget\NuGet.exe
		.nuget\NuGet.targets = .nuget\NuGet.targets
		.nuget\packages.config = .nuget\packages.config
	EndProjectSection
EndProject
Project("{FAE04EC0-301F-11D3-BF4B-00C04F79EFBC}") = "PokemonGo.RocketApi.PokeMap", "PokemonGo.RocketApi.PokeMap\PokemonGo.RocketApi.PokeMap.csproj", "{D476DDDA-B56E-4826-9DF8-97BFECA186E7}"
EndProject
Project("{FAE04EC0-301F-11D3-BF4B-00C04F79EFBC}") = "POGOProtos", "POGOProtos\POGOProtos.csproj", "{A03A7BB2-4F0B-467B-84B2-9A76E6AAE6FB}"
EndProject
Project("{FAE04EC0-301F-11D3-BF4B-00C04F79EFBC}") = "NBug", "NBug\NBug.csproj", "{62CED1D5-F603-40DE-8BF5-3E49D3A392F4}"
EndProject
Global
	GlobalSection(SolutionConfigurationPlatforms) = preSolution
		Debug|Any CPU = Debug|Any CPU
		Debug|x86 = Debug|x86
		Release|Any CPU = Release|Any CPU
		Release|x86 = Release|x86
	EndGlobalSection
	GlobalSection(ProjectConfigurationPlatforms) = postSolution
		{05D2DA44-1B8E-4CF7-94ED-4D52451CD095}.Debug|Any CPU.ActiveCfg = Debug|Any CPU
		{05D2DA44-1B8E-4CF7-94ED-4D52451CD095}.Debug|Any CPU.Build.0 = Debug|Any CPU
		{05D2DA44-1B8E-4CF7-94ED-4D52451CD095}.Debug|x86.ActiveCfg = Debug|x86
		{05D2DA44-1B8E-4CF7-94ED-4D52451CD095}.Debug|x86.Build.0 = Debug|x86
		{05D2DA44-1B8E-4CF7-94ED-4D52451CD095}.Release|Any CPU.ActiveCfg = Release|Any CPU
		{05D2DA44-1B8E-4CF7-94ED-4D52451CD095}.Release|Any CPU.Build.0 = Release|Any CPU
		{05D2DA44-1B8E-4CF7-94ED-4D52451CD095}.Release|x86.ActiveCfg = Release|x86
		{05D2DA44-1B8E-4CF7-94ED-4D52451CD095}.Release|x86.Build.0 = Release|x86
		{0739E40D-C589-4AEB-93E5-EE8CD6773C60}.Debug|Any CPU.ActiveCfg = Debug|Any CPU
		{0739E40D-C589-4AEB-93E5-EE8CD6773C60}.Debug|Any CPU.Build.0 = Debug|Any CPU
		{0739E40D-C589-4AEB-93E5-EE8CD6773C60}.Debug|x86.ActiveCfg = Debug|Any CPU
		{0739E40D-C589-4AEB-93E5-EE8CD6773C60}.Debug|x86.Build.0 = Debug|Any CPU
		{0739E40D-C589-4AEB-93E5-EE8CD6773C60}.Release|Any CPU.ActiveCfg = Release|Any CPU
		{0739E40D-C589-4AEB-93E5-EE8CD6773C60}.Release|Any CPU.Build.0 = Release|Any CPU
		{0739E40D-C589-4AEB-93E5-EE8CD6773C60}.Release|x86.ActiveCfg = Release|Any CPU
		{0739E40D-C589-4AEB-93E5-EE8CD6773C60}.Release|x86.Build.0 = Release|Any CPU
		{1FEA147E-F704-497B-A538-00B053B5F672}.Debug|Any CPU.ActiveCfg = Debug|Any CPU
		{1FEA147E-F704-497B-A538-00B053B5F672}.Debug|Any CPU.Build.0 = Debug|Any CPU
		{1FEA147E-F704-497B-A538-00B053B5F672}.Debug|x86.ActiveCfg = Debug|Any CPU
		{1FEA147E-F704-497B-A538-00B053B5F672}.Debug|x86.Build.0 = Debug|Any CPU
		{1FEA147E-F704-497B-A538-00B053B5F672}.Release|Any CPU.ActiveCfg = Release|Any CPU
		{1FEA147E-F704-497B-A538-00B053B5F672}.Release|Any CPU.Build.0 = Release|Any CPU
		{1FEA147E-F704-497B-A538-00B053B5F672}.Release|x86.ActiveCfg = Release|Any CPU
		{1FEA147E-F704-497B-A538-00B053B5F672}.Release|x86.Build.0 = Release|Any CPU
		{D476DDDA-B56E-4826-9DF8-97BFECA186E7}.Debug|Any CPU.ActiveCfg = Debug|Any CPU
		{D476DDDA-B56E-4826-9DF8-97BFECA186E7}.Debug|Any CPU.Build.0 = Debug|Any CPU
		{D476DDDA-B56E-4826-9DF8-97BFECA186E7}.Debug|x86.ActiveCfg = Debug|Any CPU
		{D476DDDA-B56E-4826-9DF8-97BFECA186E7}.Release|Any CPU.ActiveCfg = Release|Any CPU
		{D476DDDA-B56E-4826-9DF8-97BFECA186E7}.Release|Any CPU.Build.0 = Release|Any CPU
		{D476DDDA-B56E-4826-9DF8-97BFECA186E7}.Release|x86.ActiveCfg = Release|Any CPU
		{A03A7BB2-4F0B-467B-84B2-9A76E6AAE6FB}.Debug|Any CPU.ActiveCfg = Debug|Any CPU
		{A03A7BB2-4F0B-467B-84B2-9A76E6AAE6FB}.Debug|Any CPU.Build.0 = Debug|Any CPU
		{A03A7BB2-4F0B-467B-84B2-9A76E6AAE6FB}.Debug|x86.ActiveCfg = Debug|x86
		{A03A7BB2-4F0B-467B-84B2-9A76E6AAE6FB}.Debug|x86.Build.0 = Debug|x86
		{A03A7BB2-4F0B-467B-84B2-9A76E6AAE6FB}.Release|Any CPU.ActiveCfg = Release|Any CPU
		{A03A7BB2-4F0B-467B-84B2-9A76E6AAE6FB}.Release|Any CPU.Build.0 = Release|Any CPU
		{A03A7BB2-4F0B-467B-84B2-9A76E6AAE6FB}.Release|Any CPU.Deploy.0 = Release|Any CPU
		{A03A7BB2-4F0B-467B-84B2-9A76E6AAE6FB}.Release|x86.ActiveCfg = Release|x86
		{A03A7BB2-4F0B-467B-84B2-9A76E6AAE6FB}.Release|x86.Build.0 = Release|x86
		{62CED1D5-F603-40DE-8BF5-3E49D3A392F4}.Debug|Any CPU.ActiveCfg = Debug|Any CPU
		{62CED1D5-F603-40DE-8BF5-3E49D3A392F4}.Debug|Any CPU.Build.0 = Debug|Any CPU
		{62CED1D5-F603-40DE-8BF5-3E49D3A392F4}.Debug|x86.ActiveCfg = Debug|Any CPU
		{62CED1D5-F603-40DE-8BF5-3E49D3A392F4}.Release|Any CPU.ActiveCfg = Release|Any CPU
		{62CED1D5-F603-40DE-8BF5-3E49D3A392F4}.Release|Any CPU.Build.0 = Release|Any CPU
		{62CED1D5-F603-40DE-8BF5-3E49D3A392F4}.Release|x86.ActiveCfg = Release|Any CPU
	EndGlobalSection
	GlobalSection(SolutionProperties) = preSolution
		HideSolutionNode = FALSE
	EndGlobalSection
	GlobalSection(ExtensibilityGlobals) = postSolution
		EnterpriseLibraryConfigurationToolBinariesPathV6 = packages\EnterpriseLibrary.TransientFaultHandling.6.0.1304.0\lib\portable-net45+win+wp8;packages\EnterpriseLibrary.TransientFaultHandling.Data.6.0.1304.1\lib\NET45
	EndGlobalSection
EndGlobal
