
Microsoft Visual Studio Solution File, Format Version 12.00
# Visual Studio 2012
# SharpDevelop 5.2
VisualStudioVersion = 12.0.20827.3
MinimumVisualStudioVersion = 10.0.40219.1
Project("{FAE04EC0-301F-11D3-BF4B-00C04F79EFBC}") = "POGOProtos", "POGOProtos.csproj", "{A03A7BB2-4F0B-467B-84B2-9A76E6AAE6FB}"
EndProject
Global
	GlobalSection(SolutionConfigurationPlatforms) = preSolution
		Debug|Any CPU = Debug|Any CPU
		Release|Any CPU = Release|Any CPU
	EndGlobalSection
	GlobalSection(ProjectConfigurationPlatforms) = postSolution
		{A03A7BB2-4F0B-467B-84B2-9A76E6AAE6FB}.Debug|Any CPU.ActiveCfg = Debug|Any CPU
		{A03A7BB2-4F0B-467B-84B2-9A76E6AAE6FB}.Debug|Any CPU.Build.0 = Debug|Any CPU
		{A03A7BB2-4F0B-467B-84B2-9A76E6AAE6FB}.Release|Any CPU.ActiveCfg = Release|Any CPU
		{A03A7BB2-4F0B-467B-84B2-9A76E6AAE6FB}.Release|Any CPU.Build.0 = Release|Any CPU
	EndGlobalSection
EndGlobal
